
Microsoft Visual Studio Solution File, Format Version 12.00
# Visual Studio Version 17
VisualStudioVersion = 17.0.32014.148
MinimumVisualStudioVersion = 10.0.40219.1
Project("{FAE04EC0-301F-11D3-BF4B-00C04F79EFBC}") = "taskrun", "taskrun.csproj", "{9AF66339-16D8-4CA5-AEC5-B398E997392F}"
EndProject
Global
	GlobalSection(SolutionConfigurationPlatforms) = preSolution
		Debug|Any CPU = Debug|Any CPU
		Release|Any CPU = Release|Any CPU
	EndGlobalSection
	GlobalSection(ProjectConfigurationPlatforms) = postSolution
		{9AF66339-16D8-4CA5-AEC5-B398E997392F}.Debug|Any CPU.ActiveCfg = Debug|Any CPU
		{9AF66339-16D8-4CA5-AEC5-B398E997392F}.Debug|Any CPU.Build.0 = Debug|Any CPU
		{9AF66339-16D8-4CA5-AEC5-B398E997392F}.Release|Any CPU.ActiveCfg = Release|Any CPU
		{9AF66339-16D8-4CA5-AEC5-B398E997392F}.Release|Any CPU.Build.0 = Release|Any CPU
	EndGlobalSection
	GlobalSection(SolutionProperties) = preSolution
		HideSolutionNode = FALSE
	EndGlobalSection
	GlobalSection(ExtensibilityGlobals) = postSolution
		SolutionGuid = {6F5C6550-2557-4065-8711-7417F3C8856D}
	EndGlobalSection
EndGlobal
